version = 1
revision = 2
requires-python = ">=3.12"

[[package]]
name = "cffi"
version = "1.17.1"
source = { registry = "https://mirrors.tuna.tsinghua.edu.cn/pypi/web/simple" }
dependencies = [
    { name = "pycparser" },
]
sdist = { url = "https://mirrors.tuna.tsinghua.edu.cn/pypi/web/packages/fc/97/c783634659c2920c3fc70419e3af40972dbaf758daa229a7d6ea6135c90d/cffi-1.17.1.tar.gz", hash = "sha256:1c39c6016c32bc48dd54561950ebd6836e1670f2ae46128f67cf49e789c52824", size = 516621, upload-time = "2024-09-04T20:45:21.852Z" }
wheels = [
    { url = "https://mirrors.tuna.tsinghua.edu.cn/pypi/web/packages/5a/84/e94227139ee5fb4d600a7a4927f322e1d4aea6fdc50bd3fca8493caba23f/cffi-1.17.1-cp312-cp312-macosx_10_9_x86_64.whl", hash = "sha256:805b4371bf7197c329fcb3ead37e710d1bca9da5d583f5073b799d5c5bd1eee4", size = 183178, upload-time = "2024-09-04T20:44:12.232Z" },
    { url = "https://mirrors.tuna.tsinghua.edu.cn/pypi/web/packages/da/ee/fb72c2b48656111c4ef27f0f91da355e130a923473bf5ee75c5643d00cca/cffi-1.17.1-cp312-cp312-macosx_11_0_arm64.whl", hash = "sha256:733e99bc2df47476e3848417c5a4540522f234dfd4ef3ab7fafdf555b082ec0c", size = 178840, upload-time = "2024-09-04T20:44:13.739Z" },
    { url = "https://mirrors.tuna.tsinghua.edu.cn/pypi/web/packages/cc/b6/db007700f67d151abadf508cbfd6a1884f57eab90b1bb985c4c8c02b0f28/cffi-1.17.1-cp312-cp312-manylinux_2_12_i686.manylinux2010_i686.manylinux_2_17_i686.manylinux2014_i686.whl", hash = "sha256:1257bdabf294dceb59f5e70c64a3e2f462c30c7ad68092d01bbbfb1c16b1ba36", size = 454803, upload-time = "2024-09-04T20:44:15.231Z" },
    { url = "https://mirrors.tuna.tsinghua.edu.cn/pypi/web/packages/1a/df/f8d151540d8c200eb1c6fba8cd0dfd40904f1b0682ea705c36e6c2e97ab3/cffi-1.17.1-cp312-cp312-manylinux_2_17_aarch64.manylinux2014_aarch64.whl", hash = "sha256:da95af8214998d77a98cc14e3a3bd00aa191526343078b530ceb0bd710fb48a5", size = 478850, upload-time = "2024-09-04T20:44:17.188Z" },
    { url = "https://mirrors.tuna.tsinghua.edu.cn/pypi/web/packages/28/c0/b31116332a547fd2677ae5b78a2ef662dfc8023d67f41b2a83f7c2aa78b1/cffi-1.17.1-cp312-cp312-manylinux_2_17_ppc64le.manylinux2014_ppc64le.whl", hash = "sha256:d63afe322132c194cf832bfec0dc69a99fb9bb6bbd550f161a49e9e855cc78ff", size = 485729, upload-time = "2024-09-04T20:44:18.688Z" },
    { url = "https://mirrors.tuna.tsinghua.edu.cn/pypi/web/packages/91/2b/9a1ddfa5c7f13cab007a2c9cc295b70fbbda7cb10a286aa6810338e60ea1/cffi-1.17.1-cp312-cp312-manylinux_2_17_s390x.manylinux2014_s390x.whl", hash = "sha256:f79fc4fc25f1c8698ff97788206bb3c2598949bfe0fef03d299eb1b5356ada99", size = 471256, upload-time = "2024-09-04T20:44:20.248Z" },
    { url = "https://mirrors.tuna.tsinghua.edu.cn/pypi/web/packages/b2/d5/da47df7004cb17e4955df6a43d14b3b4ae77737dff8bf7f8f333196717bf/cffi-1.17.1-cp312-cp312-manylinux_2_17_x86_64.manylinux2014_x86_64.whl", hash = "sha256:b62ce867176a75d03a665bad002af8e6d54644fad99a3c70905c543130e39d93", size = 479424, upload-time = "2024-09-04T20:44:21.673Z" },
    { url = "https://mirrors.tuna.tsinghua.edu.cn/pypi/web/packages/0b/ac/2a28bcf513e93a219c8a4e8e125534f4f6db03e3179ba1c45e949b76212c/cffi-1.17.1-cp312-cp312-musllinux_1_1_aarch64.whl", hash = "sha256:386c8bf53c502fff58903061338ce4f4950cbdcb23e2902d86c0f722b786bbe3", size = 484568, upload-time = "2024-09-04T20:44:23.245Z" },
    { url = "https://mirrors.tuna.tsinghua.edu.cn/pypi/web/packages/d4/38/ca8a4f639065f14ae0f1d9751e70447a261f1a30fa7547a828ae08142465/cffi-1.17.1-cp312-cp312-musllinux_1_1_x86_64.whl", hash = "sha256:4ceb10419a9adf4460ea14cfd6bc43d08701f0835e979bf821052f1805850fe8", size = 488736, upload-time = "2024-09-04T20:44:24.757Z" },
    { url = "https://mirrors.tuna.tsinghua.edu.cn/pypi/web/packages/86/c5/28b2d6f799ec0bdecf44dced2ec5ed43e0eb63097b0f58c293583b406582/cffi-1.17.1-cp312-cp312-win32.whl", hash = "sha256:a08d7e755f8ed21095a310a693525137cfe756ce62d066e53f502a83dc550f65", size = 172448, upload-time = "2024-09-04T20:44:26.208Z" },
    { url = "https://mirrors.tuna.tsinghua.edu.cn/pypi/web/packages/50/b9/db34c4755a7bd1cb2d1603ac3863f22bcecbd1ba29e5ee841a4bc510b294/cffi-1.17.1-cp312-cp312-win_amd64.whl", hash = "sha256:51392eae71afec0d0c8fb1a53b204dbb3bcabcb3c9b807eedf3e1e6ccf2de903", size = 181976, upload-time = "2024-09-04T20:44:27.578Z" },
    { url = "https://mirrors.tuna.tsinghua.edu.cn/pypi/web/packages/8d/f8/dd6c246b148639254dad4d6803eb6a54e8c85c6e11ec9df2cffa87571dbe/cffi-1.17.1-cp313-cp313-macosx_10_13_x86_64.whl", hash = "sha256:f3a2b4222ce6b60e2e8b337bb9596923045681d71e5a082783484d845390938e", size = 182989, upload-time = "2024-09-04T20:44:28.956Z" },
    { url = "https://mirrors.tuna.tsinghua.edu.cn/pypi/web/packages/8b/f1/672d303ddf17c24fc83afd712316fda78dc6fce1cd53011b839483e1ecc8/cffi-1.17.1-cp313-cp313-macosx_11_0_arm64.whl", hash = "sha256:0984a4925a435b1da406122d4d7968dd861c1385afe3b45ba82b750f229811e2", size = 178802, upload-time = "2024-09-04T20:44:30.289Z" },
    { url = "https://mirrors.tuna.tsinghua.edu.cn/pypi/web/packages/0e/2d/eab2e858a91fdff70533cab61dcff4a1f55ec60425832ddfdc9cd36bc8af/cffi-1.17.1-cp313-cp313-manylinux_2_12_i686.manylinux2010_i686.manylinux_2_17_i686.manylinux2014_i686.whl", hash = "sha256:d01b12eeeb4427d3110de311e1774046ad344f5b1a7403101878976ecd7a10f3", size = 454792, upload-time = "2024-09-04T20:44:32.01Z" },
    { url = "https://mirrors.tuna.tsinghua.edu.cn/pypi/web/packages/75/b2/fbaec7c4455c604e29388d55599b99ebcc250a60050610fadde58932b7ee/cffi-1.17.1-cp313-cp313-manylinux_2_17_aarch64.manylinux2014_aarch64.whl", hash = "sha256:706510fe141c86a69c8ddc029c7910003a17353970cff3b904ff0686a5927683", size = 478893, upload-time = "2024-09-04T20:44:33.606Z" },
    { url = "https://mirrors.tuna.tsinghua.edu.cn/pypi/web/packages/4f/b7/6e4a2162178bf1935c336d4da8a9352cccab4d3a5d7914065490f08c0690/cffi-1.17.1-cp313-cp313-manylinux_2_17_ppc64le.manylinux2014_ppc64le.whl", hash = "sha256:de55b766c7aa2e2a3092c51e0483d700341182f08e67c63630d5b6f200bb28e5", size = 485810, upload-time = "2024-09-04T20:44:35.191Z" },
    { url = "https://mirrors.tuna.tsinghua.edu.cn/pypi/web/packages/c7/8a/1d0e4a9c26e54746dc08c2c6c037889124d4f59dffd853a659fa545f1b40/cffi-1.17.1-cp313-cp313-manylinux_2_17_s390x.manylinux2014_s390x.whl", hash = "sha256:c59d6e989d07460165cc5ad3c61f9fd8f1b4796eacbd81cee78957842b834af4", size = 471200, upload-time = "2024-09-04T20:44:36.743Z" },
    { url = "https://mirrors.tuna.tsinghua.edu.cn/pypi/web/packages/26/9f/1aab65a6c0db35f43c4d1b4f580e8df53914310afc10ae0397d29d697af4/cffi-1.17.1-cp313-cp313-manylinux_2_17_x86_64.manylinux2014_x86_64.whl", hash = "sha256:dd398dbc6773384a17fe0d3e7eeb8d1a21c2200473ee6806bb5e6a8e62bb73dd", size = 479447, upload-time = "2024-09-04T20:44:38.492Z" },
    { url = "https://mirrors.tuna.tsinghua.edu.cn/pypi/web/packages/5f/e4/fb8b3dd8dc0e98edf1135ff067ae070bb32ef9d509d6cb0f538cd6f7483f/cffi-1.17.1-cp313-cp313-musllinux_1_1_aarch64.whl", hash = "sha256:3edc8d958eb099c634dace3c7e16560ae474aa3803a5df240542b305d14e14ed", size = 484358, upload-time = "2024-09-04T20:44:40.046Z" },
    { url = "https://mirrors.tuna.tsinghua.edu.cn/pypi/web/packages/f1/47/d7145bf2dc04684935d57d67dff9d6d795b2ba2796806bb109864be3a151/cffi-1.17.1-cp313-cp313-musllinux_1_1_x86_64.whl", hash = "sha256:72e72408cad3d5419375fc87d289076ee319835bdfa2caad331e377589aebba9", size = 488469, upload-time = "2024-09-04T20:44:41.616Z" },
    { url = "https://mirrors.tuna.tsinghua.edu.cn/pypi/web/packages/bf/ee/f94057fa6426481d663b88637a9a10e859e492c73d0384514a17d78ee205/cffi-1.17.1-cp313-cp313-win32.whl", hash = "sha256:e03eab0a8677fa80d646b5ddece1cbeaf556c313dcfac435ba11f107ba117b5d", size = 172475, upload-time = "2024-09-04T20:44:43.733Z" },
    { url = "https://mirrors.tuna.tsinghua.edu.cn/pypi/web/packages/7c/fc/6a8cb64e5f0324877d503c854da15d76c1e50eb722e320b15345c4d0c6de/cffi-1.17.1-cp313-cp313-win_amd64.whl", hash = "sha256:f6a16c31041f09ead72d69f583767292f750d24913dadacf5756b966aacb3f1a", size = 182009, upload-time = "2024-09-04T20:44:45.309Z" },
]

[[package]]
name = "duckdb"
version = "1.3.1"
source = { registry = "https://mirrors.tuna.tsinghua.edu.cn/pypi/web/simple" }
sdist = { url = "https://mirrors.tuna.tsinghua.edu.cn/pypi/web/packages/35/ab/d89a4dd14311d5a0081711bc66db3fad73f7645fa7eb3844c423d2fa0a17/duckdb-1.3.1.tar.gz", hash = "sha256:8e101990a879533b1d33f003df2eb2a3c4bc7bdf976bd7ef7c32342047935327", size = 11628075, upload-time = "2025-06-16T13:57:04.119Z" }
wheels = [
    { url = "https://mirrors.tuna.tsinghua.edu.cn/pypi/web/packages/2b/cf/c9a76a15195ec1566b04a23c182ce16b60d1f06c7cdfec1aa538c8e8e0ae/duckdb-1.3.1-cp312-cp312-macosx_12_0_arm64.whl", hash = "sha256:73f389f9c713325a6994dd9e04a7fa23bd73e8387883f8086946a9d3a1dd70e1", size = 15529437, upload-time = "2025-06-16T13:56:16.932Z" },
    { url = "https://mirrors.tuna.tsinghua.edu.cn/pypi/web/packages/d7/15/6cb79d988bedb19be6cfb654cd98b339cf4d06b7fc337f52c4051416b690/duckdb-1.3.1-cp312-cp312-macosx_12_0_universal2.whl", hash = "sha256:87c99569274b453d8f9963e43fea74bc86901773fac945c1fe612c133a91e506", size = 32525563, upload-time = "2025-06-16T13:56:19.235Z" },
    { url = "https://mirrors.tuna.tsinghua.edu.cn/pypi/web/packages/14/7a/0acc37ec937a69a2fc325ab680cf68e7f1ed5d83b056dfade617502e40c2/duckdb-1.3.1-cp312-cp312-macosx_12_0_x86_64.whl", hash = "sha256:21da268355dfdf859b3d4db22180f7d5dd85a60517e077cb4158768cd5f0ee44", size = 17106064, upload-time = "2025-06-16T13:56:21.534Z" },
    { url = "https://mirrors.tuna.tsinghua.edu.cn/pypi/web/packages/b5/a0/aef95020f5ada03e44eea0b23951b96cec45a85a0c42210639d5d5688603/duckdb-1.3.1-cp312-cp312-manylinux_2_27_aarch64.manylinux_2_28_aarch64.whl", hash = "sha256:77902954d15ba4aff92e82df700643b995c057f2d7d39af7ed226d8cceb9c2af", size = 19172380, upload-time = "2025-06-16T13:56:23.875Z" },
    { url = "https://mirrors.tuna.tsinghua.edu.cn/pypi/web/packages/9c/2a/3eae3acda60e178785835d6df85f3bf9ddab4362e9fd45d0fe4879973561/duckdb-1.3.1-cp312-cp312-manylinux_2_27_x86_64.manylinux_2_28_x86_64.whl", hash = "sha256:67b1a3c9e2c3474991da97edfec0a89f382fef698d7f64b2d8d09006eaeeea24", size = 21123030, upload-time = "2025-06-16T13:56:26.366Z" },
    { url = "https://mirrors.tuna.tsinghua.edu.cn/pypi/web/packages/f4/79/885c0ad2434fa7b353532580435d59bb007efb629740ba4eb273fc4c882c/duckdb-1.3.1-cp312-cp312-musllinux_1_2_x86_64.whl", hash = "sha256:f1d076b12f0d2a7f9090ad9e4057ac41af3e4785969e5997afd44922c7b141e0", size = 22774472, upload-time = "2025-06-16T13:56:29.884Z" },
    { url = "https://mirrors.tuna.tsinghua.edu.cn/pypi/web/packages/24/02/d294613e4fccfc86f4718b2cede365a9a6313c938bf0547c78ec196a0b9c/duckdb-1.3.1-cp312-cp312-win_amd64.whl", hash = "sha256:bf7d6884bfb67aef67aebb0bd2460ea1137c55b3fd8794a3530c653dbe0d4019", size = 11302743, upload-time = "2025-06-16T13:56:31.868Z" },
    { url = "https://mirrors.tuna.tsinghua.edu.cn/pypi/web/packages/d0/2e/5e1bf9f0b43bcb37dbe729d3a2c55da8b232137c15b0b63d2d51f96793b6/duckdb-1.3.1-cp313-cp313-macosx_12_0_arm64.whl", hash = "sha256:72bbc8479c5d88e839a92c458c94c622f917ff0122853323728d6e25b0c3d4e1", size = 15529541, upload-time = "2025-06-16T13:56:34.011Z" },
    { url = "https://mirrors.tuna.tsinghua.edu.cn/pypi/web/packages/bc/ab/6b2e1efb133b2f4990710bd9a54e734a12a147eaead1102e36dd8d126494/duckdb-1.3.1-cp313-cp313-macosx_12_0_universal2.whl", hash = "sha256:937de83df6bbe4bee5830ce80f568d4c0ebf3ef5eb809db3343d2161e4f6e42b", size = 32525596, upload-time = "2025-06-16T13:56:36.048Z" },
    { url = "https://mirrors.tuna.tsinghua.edu.cn/pypi/web/packages/68/9f/879f6f33a1d5b4afee9dd4082e97d9b43c21cf734c90164d10fd7303edb5/duckdb-1.3.1-cp313-cp313-macosx_12_0_x86_64.whl", hash = "sha256:21440dd37f073944badd495c299c6d085cd133633450467ec420c71897ac1d5b", size = 17106339, upload-time = "2025-06-16T13:56:38.358Z" },
    { url = "https://mirrors.tuna.tsinghua.edu.cn/pypi/web/packages/9a/06/5755f93be743ec27986f275847a85d44bb1bd6d8631492d337729fbe9145/duckdb-1.3.1-cp313-cp313-manylinux_2_27_aarch64.manylinux_2_28_aarch64.whl", hash = "sha256:663610b591ea6964f140441c81b718e745704cf098c540e905b200b9079e2a5c", size = 19173540, upload-time = "2025-06-16T13:56:40.304Z" },
    { url = "https://mirrors.tuna.tsinghua.edu.cn/pypi/web/packages/90/a6/c8577b741974f106e24f8eb3efedc399be1a23cbbdcf49dd4bea5bb8aa4e/duckdb-1.3.1-cp313-cp313-manylinux_2_27_x86_64.manylinux_2_28_x86_64.whl", hash = "sha256:8793b5abb365bbbf64ba3065f3a37951fe04f2d4506b0e24f3f8ecd08b3af4ba", size = 21122193, upload-time = "2025-06-16T13:56:42.321Z" },
    { url = "https://mirrors.tuna.tsinghua.edu.cn/pypi/web/packages/43/10/b4576bbfa895a0ab125697fd58c0fbe54338672a9df25e7311bdf21f9e04/duckdb-1.3.1-cp313-cp313-musllinux_1_2_x86_64.whl", hash = "sha256:27d775a5af405d1c228561830c8ccbe4e2832dafb4012f16c05fde1cde206dee", size = 22773434, upload-time = "2025-06-16T13:56:46.414Z" },
    { url = "https://mirrors.tuna.tsinghua.edu.cn/pypi/web/packages/94/b9/f5ae51f7331f79c184fd96456c0896de875149fdeb092084fd20433ec97c/duckdb-1.3.1-cp313-cp313-win_amd64.whl", hash = "sha256:3eb045a9bf92da890d890cde2f676b3bda61b9de3b7dc46cbaaf75875b41e4b0", size = 11302770, upload-time = "2025-06-16T13:56:48.325Z" },
]

[[package]]
name = "openctp-ctp"
version = "6.7.7.0"
source = { registry = "https://mirrors.tuna.tsinghua.edu.cn/pypi/web/simple" }
wheels = [
    { url = "https://mirrors.tuna.tsinghua.edu.cn/pypi/web/packages/7a/5a/bed891184df1a30427d4f48fe64cbdc8c8f59eebdf18fc7e56815921c21f/openctp_ctp-6.7.7.0-cp312-cp312-win32.whl", hash = "sha256:6fe7e3a95e1cdaed3ef544799143623dfcafadeae6cc0f6ee0073f98a9a675ba", size = 5274884, upload-time = "2024-09-30T11:21:57.771Z" },
    { url = "https://mirrors.tuna.tsinghua.edu.cn/pypi/web/packages/2d/6b/e7f610acc345e039a1495b185aacd60345d6bc3be7ccc773ee43079dfd79/openctp_ctp-6.7.7.0-cp312-cp312-win_amd64.whl", hash = "sha256:bfac3835441ff7098c16f505e42a9421b3300c329fd9f1198b376ebcfbe95d14", size = 7566224, upload-time = "2024-09-30T11:22:33.023Z" },
    { url = "https://mirrors.tuna.tsinghua.edu.cn/pypi/web/packages/91/bf/22e5011a1a50bf67239c0bd4ccdceebbfa6f18cc52561677a0b9b7286719/openctp_ctp-6.7.7.0-py3-none-manylinux2014_x86_64.manylinux_2_17_x86_64.whl", hash = "sha256:6783707d3027391b53f4b0f94388ee35466884e11957e4d08736870f7911bc85", size = 9106134, upload-time = "2024-09-30T13:21:08.266Z" },
]

[[package]]
name = "openctp-tts"
version = "6.7.2.3"
source = { registry = "https://mirrors.tuna.tsinghua.edu.cn/pypi/web/simple" }
wheels = [
    { url = "https://mirrors.tuna.tsinghua.edu.cn/pypi/web/packages/26/a9/f1f2cc7a9b56579b25254709a1d429c200077331b8e5fadf86bbd0160104/openctp_tts-6.7.2.3-cp312-cp312-win32.whl", hash = "sha256:3d02549dded25c3f96c9f47a9d0c1dc2b64dbb67488bf9010566a48c52ee806a", size = 3417091, upload-time = "2024-06-04T22:47:21.122Z" },
    { url = "https://mirrors.tuna.tsinghua.edu.cn/pypi/web/packages/d9/63/ad494f878811532565197405293864631db843381f9e3e567961dcddcb7d/openctp_tts-6.7.2.3-cp312-cp312-win_amd64.whl", hash = "sha256:c282b574dbafb42fb1f4a4f479242ee956559afb6d40e00d9c3ca714605cc223", size = 5276319, upload-time = "2024-06-04T22:47:28.33Z" },
    { url = "https://mirrors.tuna.tsinghua.edu.cn/pypi/web/packages/33/73/c1c4504d8ace9fee4f6f7c8a2b5f256c81dcbd829d427eecea6ec3a86b8b/openctp_tts-6.7.2.3-py3-none-manylinux2014_x86_64.manylinux_2_17_x86_64.whl", hash = "sha256:ba067e780b1fe16c1a4ca0adf9ed510e737b4106a62e36a7107b9df53d316cce", size = 7053398, upload-time = "2024-06-04T13:41:43.344Z" },
]

[[package]]
name = "polars"
version = "1.31.0"
source = { registry = "https://mirrors.tuna.tsinghua.edu.cn/pypi/web/simple" }
sdist = { url = "https://mirrors.tuna.tsinghua.edu.cn/pypi/web/packages/fd/f5/de1b5ecd7d0bd0dd87aa392937f759f9cc3997c5866a9a7f94eabf37cd48/polars-1.31.0.tar.gz", hash = "sha256:59a88054a5fc0135386268ceefdbb6a6cc012d21b5b44fed4f1d3faabbdcbf32", size = 4681224, upload-time = "2025-06-18T12:00:46.24Z" }
wheels = [
    { url = "https://mirrors.tuna.tsinghua.edu.cn/pypi/web/packages/3d/6e/bdd0937653c1e7a564a09ae3bc7757ce83fedbf19da600c8b35d62c0182a/polars-1.31.0-cp39-abi3-macosx_10_12_x86_64.whl", hash = "sha256:ccc68cd6877deecd46b13cbd2663ca89ab2a2cb1fe49d5cfc66a9cef166566d9", size = 34511354, upload-time = "2025-06-18T11:59:40.048Z" },
    { url = "https://mirrors.tuna.tsinghua.edu.cn/pypi/web/packages/77/fe/81aaca3540c1a5530b4bc4fd7f1b6f77100243d7bb9b7ad3478b770d8b3e/polars-1.31.0-cp39-abi3-macosx_11_0_arm64.whl", hash = "sha256:a94c5550df397ad3c2d6adc212e59fd93d9b044ec974dd3653e121e6487a7d21", size = 31377712, upload-time = "2025-06-18T11:59:45.104Z" },
    { url = "https://mirrors.tuna.tsinghua.edu.cn/pypi/web/packages/b8/d9/5e2753784ea30d84b3e769a56f5e50ac5a89c129e87baa16ac0773eb4ef7/polars-1.31.0-cp39-abi3-manylinux_2_17_x86_64.manylinux2014_x86_64.whl", hash = "sha256:ada7940ed92bea65d5500ae7ac1f599798149df8faa5a6db150327c9ddbee4f1", size = 35050729, upload-time = "2025-06-18T11:59:48.538Z" },
    { url = "https://mirrors.tuna.tsinghua.edu.cn/pypi/web/packages/20/e8/a6bdfe7b687c1fe84bceb1f854c43415eaf0d2fdf3c679a9dc9c4776e462/polars-1.31.0-cp39-abi3-manylinux_2_24_aarch64.whl", hash = "sha256:b324e6e3e8c6cc6593f9d72fe625f06af65e8d9d47c8686583585533a5e731e1", size = 32260836, upload-time = "2025-06-18T11:59:52.543Z" },
    { url = "https://mirrors.tuna.tsinghua.edu.cn/pypi/web/packages/6e/f6/9d9ad9dc4480d66502497e90ce29efc063373e1598f4bd9b6a38af3e08e7/polars-1.31.0-cp39-abi3-win_amd64.whl", hash = "sha256:3fd874d3432fc932863e8cceff2cff8a12a51976b053f2eb6326a0672134a632", size = 35156211, upload-time = "2025-06-18T11:59:55.805Z" },
    { url = "https://mirrors.tuna.tsinghua.edu.cn/pypi/web/packages/40/4b/0673a68ac4d6527fac951970e929c3b4440c654f994f0c957bd5556deb38/polars-1.31.0-cp39-abi3-win_arm64.whl", hash = "sha256:62ef23bb9d10dca4c2b945979f9a50812ac4ace4ed9e158a6b5d32a7322e6f75", size = 31469078, upload-time = "2025-06-18T11:59:59.242Z" },
]

[[package]]
name = "pycparser"
version = "2.22"
source = { registry = "https://mirrors.tuna.tsinghua.edu.cn/pypi/web/simple" }
sdist = { url = "https://mirrors.tuna.tsinghua.edu.cn/pypi/web/packages/1d/b2/31537cf4b1ca988837256c910a668b553fceb8f069bedc4b1c826024b52c/pycparser-2.22.tar.gz", hash = "sha256:491c8be9c040f5390f5bf44a5b07752bd07f56edf992381b05c701439eec10f6", size = 172736, upload-time = "2024-03-30T13:22:22.564Z" }
wheels = [
    { url = "https://mirrors.tuna.tsinghua.edu.cn/pypi/web/packages/13/a3/a812df4e2dd5696d1f351d58b8fe16a405b234ad2886a0dab9183fb78109/pycparser-2.22-py3-none-any.whl", hash = "sha256:c3702b6d3dd8c7abc1afa565d7e63d53a1d0bd86cdc24edd75470f4de499cfcc", size = 117552, upload-time = "2024-03-30T13:22:20.476Z" },
]

[[package]]
name = "pyfutrader"
version = "0.1.0"
source = { virtual = "." }
dependencies = [
    { name = "duckdb" },
    { name = "openctp-ctp" },
    { name = "openctp-tts" },
    { name = "polars" },
    { name = "pyzmq" },
    { name = "ta" },
]

[package.metadata]
requires-dist = [
    { name = "duckdb", specifier = ">=1.3.1" },
    { name = "openctp-ctp", specifier = ">=6.7.7.0" },
    { name = "openctp-tts", specifier = ">=6.7.2.3" },
    { name = "polars", specifier = ">=1.31.0" },
    { name = "pyzmq", specifier = ">=27.0.0" },
    { name = "ta", path = "../../../../mnt/d/Dev/wheels/ta-1.1.0-cp38-abi3-manylinux_2_17_x86_64.manylinux2014_x86_64.whl" },
]

[[package]]
name = "pyzmq"
version = "27.0.0"
source = { registry = "https://mirrors.tuna.tsinghua.edu.cn/pypi/web/simple" }
dependencies = [
    { name = "cffi", marker = "implementation_name == 'pypy'" },
]
sdist = { url = "https://mirrors.tuna.tsinghua.edu.cn/pypi/web/packages/f1/06/50a4e9648b3e8b992bef8eb632e457307553a89d294103213cfd47b3da69/pyzmq-27.0.0.tar.gz", hash = "sha256:b1f08eeb9ce1510e6939b6e5dcd46a17765e2333daae78ecf4606808442e52cf", size = 280478, upload-time = "2025-06-13T14:09:07.087Z" }
wheels = [
    { url = "https://mirrors.tuna.tsinghua.edu.cn/pypi/web/packages/93/a7/9ad68f55b8834ede477842214feba6a4c786d936c022a67625497aacf61d/pyzmq-27.0.0-cp312-abi3-macosx_10_15_universal2.whl", hash = "sha256:cbabc59dcfaac66655c040dfcb8118f133fb5dde185e5fc152628354c1598e52", size = 1305438, upload-time = "2025-06-13T14:07:31.676Z" },
    { url = "https://mirrors.tuna.tsinghua.edu.cn/pypi/web/packages/ba/ee/26aa0f98665a22bc90ebe12dced1de5f3eaca05363b717f6fb229b3421b3/pyzmq-27.0.0-cp312-abi3-manylinux2014_i686.manylinux_2_17_i686.whl", hash = "sha256:cb0ac5179cba4b2f94f1aa208fbb77b62c4c9bf24dd446278b8b602cf85fcda3", size = 895095, upload-time = "2025-06-13T14:07:33.104Z" },
    { url = "https://mirrors.tuna.tsinghua.edu.cn/pypi/web/packages/cf/85/c57e7ab216ecd8aa4cc7e3b83b06cc4e9cf45c87b0afc095f10cd5ce87c1/pyzmq-27.0.0-cp312-abi3-manylinux_2_27_aarch64.manylinux_2_28_aarch64.whl", hash = "sha256:53a48f0228eab6cbf69fde3aa3c03cbe04e50e623ef92ae395fce47ef8a76152", size = 651826, upload-time = "2025-06-13T14:07:34.831Z" },
    { url = "https://mirrors.tuna.tsinghua.edu.cn/pypi/web/packages/69/9a/9ea7e230feda9400fb0ae0d61d7d6ddda635e718d941c44eeab22a179d34/pyzmq-27.0.0-cp312-abi3-manylinux_2_27_x86_64.manylinux_2_28_x86_64.whl", hash = "sha256:111db5f395e09f7e775f759d598f43cb815fc58e0147623c4816486e1a39dc22", size = 839750, upload-time = "2025-06-13T14:07:36.553Z" },
    { url = "https://mirrors.tuna.tsinghua.edu.cn/pypi/web/packages/08/66/4cebfbe71f3dfbd417011daca267539f62ed0fbc68105357b68bbb1a25b7/pyzmq-27.0.0-cp312-abi3-musllinux_1_2_aarch64.whl", hash = "sha256:c8878011653dcdc27cc2c57e04ff96f0471e797f5c19ac3d7813a245bcb24371", size = 1641357, upload-time = "2025-06-13T14:07:38.21Z" },
    { url = "https://mirrors.tuna.tsinghua.edu.cn/pypi/web/packages/ac/f6/b0f62578c08d2471c791287149cb8c2aaea414ae98c6e995c7dbe008adfb/pyzmq-27.0.0-cp312-abi3-musllinux_1_2_i686.whl", hash = "sha256:c0ed2c1f335ba55b5fdc964622254917d6b782311c50e138863eda409fbb3b6d", size = 2020281, upload-time = "2025-06-13T14:07:39.599Z" },
    { url = "https://mirrors.tuna.tsinghua.edu.cn/pypi/web/packages/37/b9/4f670b15c7498495da9159edc374ec09c88a86d9cd5a47d892f69df23450/pyzmq-27.0.0-cp312-abi3-musllinux_1_2_x86_64.whl", hash = "sha256:e918d70862d4cfd4b1c187310015646a14e1f5917922ab45b29f28f345eeb6be", size = 1877110, upload-time = "2025-06-13T14:07:41.027Z" },
    { url = "https://mirrors.tuna.tsinghua.edu.cn/pypi/web/packages/66/31/9dee25c226295b740609f0d46db2fe972b23b6f5cf786360980524a3ba92/pyzmq-27.0.0-cp312-abi3-win32.whl", hash = "sha256:88b4e43cab04c3c0f0d55df3b1eef62df2b629a1a369b5289a58f6fa8b07c4f4", size = 559297, upload-time = "2025-06-13T14:07:42.533Z" },
    { url = "https://mirrors.tuna.tsinghua.edu.cn/pypi/web/packages/9b/12/52da5509800f7ff2d287b2f2b4e636e7ea0f001181cba6964ff6c1537778/pyzmq-27.0.0-cp312-abi3-win_amd64.whl", hash = "sha256:dce4199bf5f648a902ce37e7b3afa286f305cd2ef7a8b6ec907470ccb6c8b371", size = 619203, upload-time = "2025-06-13T14:07:43.843Z" },
    { url = "https://mirrors.tuna.tsinghua.edu.cn/pypi/web/packages/93/6d/7f2e53b19d1edb1eb4f09ec7c3a1f945ca0aac272099eab757d15699202b/pyzmq-27.0.0-cp312-abi3-win_arm64.whl", hash = "sha256:56e46bbb85d52c1072b3f809cc1ce77251d560bc036d3a312b96db1afe76db2e", size = 551927, upload-time = "2025-06-13T14:07:45.51Z" },
    { url = "https://mirrors.tuna.tsinghua.edu.cn/pypi/web/packages/19/62/876b27c4ff777db4ceba1c69ea90d3c825bb4f8d5e7cd987ce5802e33c55/pyzmq-27.0.0-cp313-cp313t-macosx_10_15_universal2.whl", hash = "sha256:c36ad534c0c29b4afa088dc53543c525b23c0797e01b69fef59b1a9c0e38b688", size = 1340826, upload-time = "2025-06-13T14:07:46.881Z" },
    { url = "https://mirrors.tuna.tsinghua.edu.cn/pypi/web/packages/43/69/58ef8f4f59d3bcd505260c73bee87b008850f45edca40ddaba54273c35f4/pyzmq-27.0.0-cp313-cp313t-manylinux2014_i686.manylinux_2_17_i686.whl", hash = "sha256:67855c14173aec36395d7777aaba3cc527b393821f30143fd20b98e1ff31fd38", size = 897283, upload-time = "2025-06-13T14:07:49.562Z" },
    { url = "https://mirrors.tuna.tsinghua.edu.cn/pypi/web/packages/43/15/93a0d0396700a60475ad3c5d42c5f1c308d3570bc94626b86c71ef9953e0/pyzmq-27.0.0-cp313-cp313t-manylinux_2_27_aarch64.manylinux_2_28_aarch64.whl", hash = "sha256:8617c7d43cd8ccdb62aebe984bfed77ca8f036e6c3e46dd3dddda64b10f0ab7a", size = 660567, upload-time = "2025-06-13T14:07:51.364Z" },
    { url = "https://mirrors.tuna.tsinghua.edu.cn/pypi/web/packages/0e/b3/fe055513e498ca32f64509abae19b9c9eb4d7c829e02bd8997dd51b029eb/pyzmq-27.0.0-cp313-cp313t-manylinux_2_27_x86_64.manylinux_2_28_x86_64.whl", hash = "sha256:67bfbcbd0a04c575e8103a6061d03e393d9f80ffdb9beb3189261e9e9bc5d5e9", size = 847681, upload-time = "2025-06-13T14:07:52.77Z" },
    { url = "https://mirrors.tuna.tsinghua.edu.cn/pypi/web/packages/b6/4f/ff15300b00b5b602191f3df06bbc8dd4164e805fdd65bb77ffbb9c5facdc/pyzmq-27.0.0-cp313-cp313t-musllinux_1_2_aarch64.whl", hash = "sha256:5cd11d46d7b7e5958121b3eaf4cd8638eff3a720ec527692132f05a57f14341d", size = 1650148, upload-time = "2025-06-13T14:07:54.178Z" },
    { url = "https://mirrors.tuna.tsinghua.edu.cn/pypi/web/packages/c4/6f/84bdfff2a224a6f26a24249a342e5906993c50b0761e311e81b39aef52a7/pyzmq-27.0.0-cp313-cp313t-musllinux_1_2_i686.whl", hash = "sha256:b801c2e40c5aa6072c2f4876de8dccd100af6d9918d4d0d7aa54a1d982fd4f44", size = 2023768, upload-time = "2025-06-13T14:07:55.714Z" },
    { url = "https://mirrors.tuna.tsinghua.edu.cn/pypi/web/packages/64/39/dc2db178c26a42228c5ac94a9cc595030458aa64c8d796a7727947afbf55/pyzmq-27.0.0-cp313-cp313t-musllinux_1_2_x86_64.whl", hash = "sha256:20d5cb29e8c5f76a127c75b6e7a77e846bc4b655c373baa098c26a61b7ecd0ef", size = 1885199, upload-time = "2025-06-13T14:07:57.166Z" },
    { url = "https://mirrors.tuna.tsinghua.edu.cn/pypi/web/packages/c7/21/dae7b06a1f8cdee5d8e7a63d99c5d129c401acc40410bef2cbf42025e26f/pyzmq-27.0.0-cp313-cp313t-win32.whl", hash = "sha256:a20528da85c7ac7a19b7384e8c3f8fa707841fd85afc4ed56eda59d93e3d98ad", size = 575439, upload-time = "2025-06-13T14:07:58.959Z" },
    { url = "https://mirrors.tuna.tsinghua.edu.cn/pypi/web/packages/eb/bc/1709dc55f0970cf4cb8259e435e6773f9946f41a045c2cb90e870b7072da/pyzmq-27.0.0-cp313-cp313t-win_amd64.whl", hash = "sha256:d8229f2efece6a660ee211d74d91dbc2a76b95544d46c74c615e491900dc107f", size = 639933, upload-time = "2025-06-13T14:08:00.777Z" },
]

[[package]]
name = "ta"
version = "1.1.0"
source = { path = "../../../../mnt/d/Dev/wheels/ta-1.1.0-cp38-abi3-manylinux_2_17_x86_64.manylinux2014_x86_64.whl" }
wheels = [
    { filename = "ta-1.1.0-cp38-abi3-manylinux_2_17_x86_64.manylinux2014_x86_64.whl", hash = "sha256:6257738729b1ae1ee3d0a5926849eb865c91aedba41f4092d9cd3b699cdd048b" },
]
